
Microsoft Visual Studio Solution File, Format Version 12.00
# Visual Studio Version 17
VisualStudioVersion = 17.11.35312.102
MinimumVisualStudioVersion = 10.0.40219.1
Project("{FAE04EC0-301F-11D3-BF4B-00C04F79EFBC}") = "CourseAPI", "CourseAPI\CourseAPI.csproj", "{5533AAF3-50C1-4090-BF9F-5C07721B8002}"
EndProject
Project("{FAE04EC0-301F-11D3-BF4B-00C04F79EFBC}") = "KafkaConsumerWorker", "KafkaConsumerWorker\KafkaConsumerWorker.csproj", "{42003836-DA39-4742-A748-C93FD4E14E4A}"
EndProject
Global
	GlobalSection(SolutionConfigurationPlatforms) = preSolution
		Debug|Any CPU = Debug|Any CPU
		Release|Any CPU = Release|Any CPU
	EndGlobalSection
	GlobalSection(ProjectConfigurationPlatforms) = postSolution
		{5533AAF3-50C1-4090-BF9F-5C07721B8002}.Debug|Any CPU.ActiveCfg = Debug|Any CPU
		{5533AAF3-50C1-4090-BF9F-5C07721B8002}.Debug|Any CPU.Build.0 = Debug|Any CPU
		{5533AAF3-50C1-4090-BF9F-5C07721B8002}.Release|Any CPU.ActiveCfg = Release|Any CPU
		{5533AAF3-50C1-4090-BF9F-5C07721B8002}.Release|Any CPU.Build.0 = Release|Any CPU
		{42003836-DA39-4742-A748-C93FD4E14E4A}.Debug|Any CPU.ActiveCfg = Debug|Any CPU
		{42003836-DA39-4742-A748-C93FD4E14E4A}.Debug|Any CPU.Build.0 = Debug|Any CPU
		{42003836-DA39-4742-A748-C93FD4E14E4A}.Release|Any CPU.ActiveCfg = Release|Any CPU
		{42003836-DA39-4742-A748-C93FD4E14E4A}.Release|Any CPU.Build.0 = Release|Any CPU
	EndGlobalSection
	GlobalSection(SolutionProperties) = preSolution
		HideSolutionNode = FALSE
	EndGlobalSection
	GlobalSection(ExtensibilityGlobals) = postSolution
		SolutionGuid = {38573C0A-715E-4787-A9A2-596F39ADC5C2}
	EndGlobalSection
EndGlobal
